
Microsoft Visual Studio Solution File, Format Version 12.00
# Visual Studio Version 17
VisualStudioVersion = 17.1.32210.238
MinimumVisualStudioVersion = 10.0.40219.1
Project("{FAE04EC0-301F-11D3-BF4B-00C04F79EFBC}") = "music_bebra", "music_bebra\music_bebra.csproj", "{7A5F6DA8-656F-4CC1-9F4D-3C5A737F9EC7}"
EndProject
Global
	GlobalSection(SolutionConfigurationPlatforms) = preSolution
		Debug|Any CPU = Debug|Any CPU
		Release|Any CPU = Release|Any CPU
	EndGlobalSection
	GlobalSection(ProjectConfigurationPlatforms) = postSolution
		{7A5F6DA8-656F-4CC1-9F4D-3C5A737F9EC7}.Debug|Any CPU.ActiveCfg = Debug|Any CPU
		{7A5F6DA8-656F-4CC1-9F4D-3C5A737F9EC7}.Debug|Any CPU.Build.0 = Debug|Any CPU
		{7A5F6DA8-656F-4CC1-9F4D-3C5A737F9EC7}.Release|Any CPU.ActiveCfg = Release|Any CPU
		{7A5F6DA8-656F-4CC1-9F4D-3C5A737F9EC7}.Release|Any CPU.Build.0 = Release|Any CPU
	EndGlobalSection
	GlobalSection(SolutionProperties) = preSolution
		HideSolutionNode = FALSE
	EndGlobalSection
	GlobalSection(ExtensibilityGlobals) = postSolution
		SolutionGuid = {2BC687DF-BBBB-4C55-AC69-23A40CA8D1ED}
	EndGlobalSection
EndGlobal
